
Microsoft Visual Studio Solution File, Format Version 12.00
# Visual Studio Version 16
VisualStudioVersion = 16.0.31424.327
MinimumVisualStudioVersion = 10.0.40219.1
Project("{FAE04EC0-301F-11D3-BF4B-00C04F79EFBC}") = "KhaustovaLab3Simulation", "KhaustovaLab3Simulation\KhaustovaLab3Simulation.csproj", "{7FC10A9F-41BB-43ED-921E-04788C070A3E}"
EndProject
Global
	GlobalSection(SolutionConfigurationPlatforms) = preSolution
		Debug|Any CPU = Debug|Any CPU
		Release|Any CPU = Release|Any CPU
	EndGlobalSection
	GlobalSection(ProjectConfigurationPlatforms) = postSolution
		{7FC10A9F-41BB-43ED-921E-04788C070A3E}.Debug|Any CPU.ActiveCfg = Debug|Any CPU
		{7FC10A9F-41BB-43ED-921E-04788C070A3E}.Debug|Any CPU.Build.0 = Debug|Any CPU
		{7FC10A9F-41BB-43ED-921E-04788C070A3E}.Release|Any CPU.ActiveCfg = Release|Any CPU
		{7FC10A9F-41BB-43ED-921E-04788C070A3E}.Release|Any CPU.Build.0 = Release|Any CPU
	EndGlobalSection
	GlobalSection(SolutionProperties) = preSolution
		HideSolutionNode = FALSE
	EndGlobalSection
	GlobalSection(ExtensibilityGlobals) = postSolution
		SolutionGuid = {3113E58D-D42B-4AFF-B611-B7758E8A4F96}
	EndGlobalSection
EndGlobal
